{
  "name": "@stoxy/element-mixin",
  "version": "1.0.3",
  "lockfileVersion": 2,
  "requires": true,
  "packages": {
    "": {
      "name": "@stoxy/element-mixin",
      "version": "1.0.3",
      "license": "ISC",
      "dependencies": {
        "@stoxy/core": "^0.3.3"
      }
    },
    "node_modules/@stoxy/core": {
      "version": "0.3.3",
      "resolved": "https://registry.npmjs.org/@stoxy/core/-/core-0.3.3.tgz",
      "integrity": "sha512-tfcsxrCZc9CGpQJ5Z8mFOhHTA2o1QQjKHlmRhh3O3464LJ8QFXvZVUTyxOaKGZyzGc8VwXff4SFhoEv6sHPtGQ=="
    }
  },
  "dependencies": {
    "@stoxy/core": {
      "version": "0.3.3",
      "resolved": "https://registry.npmjs.org/@stoxy/core/-/core-0.3.3.tgz",
      "integrity": "sha512-tfcsxrCZc9CGpQJ5Z8mFOhHTA2o1QQjKHlmRhh3O3464LJ8QFXvZVUTyxOaKGZyzGc8VwXff4SFhoEv6sHPtGQ=="
    }
  }
}
