{
  "name": "@stoxy/element-mixin",
  "version": "1.0.3",
  "lockfileVersion": 2,
  "requires": true,
  "packages": {
    "": {
      "name": "@stoxy/element-mixin",
      "version": "1.0.3",
      "license": "ISC",
      "dependencies": {
        "@stoxy/core": "^0.3.2-test"
      }
    },
    "node_modules/@stoxy/core": {
      "version": "0.3.2-test",
      "resolved": "https://registry.npmjs.org/@stoxy/core/-/core-0.3.2-test.tgz",
      "integrity": "sha512-bNJxOTIsNvlvvOXhtRJVBSY5jY7d+1QYGAAgUwlVZHngfKT5jWwWf4mvI8qJFHbNPOiqSTmARTed8kqP6EDCoQ=="
    }
  },
  "dependencies": {
    "@stoxy/core": {
      "version": "0.3.2-test",
      "resolved": "https://registry.npmjs.org/@stoxy/core/-/core-0.3.2-test.tgz",
      "integrity": "sha512-bNJxOTIsNvlvvOXhtRJVBSY5jY7d+1QYGAAgUwlVZHngfKT5jWwWf4mvI8qJFHbNPOiqSTmARTed8kqP6EDCoQ=="
    }
  }
}
