{
  "name": "@stoxy/element-mixin",
  "version": "1.2.0",
  "lockfileVersion": 2,
  "requires": true,
  "packages": {
    "": {
      "name": "@stoxy/element-mixin",
      "version": "1.2.0",
      "license": "ISC",
      "dependencies": {
        "@stoxy/core": "^0.4.3"
      }
    },
    "node_modules/@stoxy/core": {
      "version": "0.4.3",
      "resolved": "https://registry.npmjs.org/@stoxy/core/-/core-0.4.3.tgz",
      "integrity": "sha512-IuiQjMPli4qTlxivNWk5nCiAR0DMym4NnrJLz4TEXGm9+QIPWmg2TVzOda0Cyh1/nu57iOx3fx1sVPmWL4D6mw=="
    }
  },
  "dependencies": {
    "@stoxy/core": {
      "version": "0.4.3",
      "resolved": "https://registry.npmjs.org/@stoxy/core/-/core-0.4.3.tgz",
      "integrity": "sha512-IuiQjMPli4qTlxivNWk5nCiAR0DMym4NnrJLz4TEXGm9+QIPWmg2TVzOda0Cyh1/nu57iOx3fx1sVPmWL4D6mw=="
    }
  }
}
